
Microsoft Visual Studio Solution File, Format Version 12.00
# Visual Studio Version 17
VisualStudioVersion = 17.7.34024.191
MinimumVisualStudioVersion = 10.0.40219.1
Project("{FAE04EC0-301F-11D3-BF4B-00C04F79EFBC}") = "ChatApp", "ChatApp\ChatApp.csproj", "{210517C3-F781-4ECD-97D9-F471421F7E3E}"
EndProject
Global
	GlobalSection(SolutionConfigurationPlatforms) = preSolution
		Debug|Any CPU = Debug|Any CPU
		Release|Any CPU = Release|Any CPU
	EndGlobalSection
	GlobalSection(ProjectConfigurationPlatforms) = postSolution
		{210517C3-F781-4ECD-97D9-F471421F7E3E}.Debug|Any CPU.ActiveCfg = Debug|Any CPU
		{210517C3-F781-4ECD-97D9-F471421F7E3E}.Debug|Any CPU.Build.0 = Debug|Any CPU
		{210517C3-F781-4ECD-97D9-F471421F7E3E}.Release|Any CPU.ActiveCfg = Release|Any CPU
		{210517C3-F781-4ECD-97D9-F471421F7E3E}.Release|Any CPU.Build.0 = Release|Any CPU
	EndGlobalSection
	GlobalSection(SolutionProperties) = preSolution
		HideSolutionNode = FALSE
	EndGlobalSection
	GlobalSection(ExtensibilityGlobals) = postSolution
		SolutionGuid = {791AE88C-7976-40E6-B570-0A2BD005F316}
	EndGlobalSection
EndGlobal
